// !$*UTF8*$!
{
	archiveVersion = 1;
	classes = {
	};
	objectVersion = 55;
	objects = {

/* Begin PBXBuildFile section */
		D089588E29CFD97900338087 /* Cartek_MVVMTests.swift in Sources */ = {isa = PBXBuildFile; fileRef = D089588D29CFD97900338087 /* Cartek_MVVMTests.swift */; };
		D089589829CFD97900338087 /* Cartek_MVVMUITests.swift in Sources */ = {isa = PBXBuildFile; fileRef = D089589729CFD97900338087 /* Cartek_MVVMUITests.swift */; };
		D089589A29CFD97900338087 /* Cartek_MVVMUITestsLaunchTests.swift in Sources */ = {isa = PBXBuildFile; fileRef = D089589929CFD97900338087 /* Cartek_MVVMUITestsLaunchTests.swift */; };
		D08958FB29D0547300338087 /* RegisterViewModel.swift in Sources */ = {isa = PBXBuildFile; fileRef = D08958D629D0547300338087 /* RegisterViewModel.swift */; };
		D08958FC29D0547300338087 /* RegisterModel.swift in Sources */ = {isa = PBXBuildFile; fileRef = D08958D929D0547300338087 /* RegisterModel.swift */; };
		D08958FD29D0547300338087 /* UsersViewModel.swift in Sources */ = {isa = PBXBuildFile; fileRef = D08958DC29D0547300338087 /* UsersViewModel.swift */; };
		D08958FE29D0547300338087 /* UsersModel.swift in Sources */ = {isa = PBXBuildFile; fileRef = D08958DE29D0547300338087 /* UsersModel.swift */; };
		D08958FF29D0547300338087 /* UserTableViewCell.swift in Sources */ = {isa = PBXBuildFile; fileRef = D08958E129D0547300338087 /* UserTableViewCell.swift */; };
		D089590029D0547300338087 /* UserTableViewCell.xib in Resources */ = {isa = PBXBuildFile; fileRef = D08958E229D0547300338087 /* UserTableViewCell.xib */; };
		D089590129D0547300338087 /* UsersViewController.swift in Sources */ = {isa = PBXBuildFile; fileRef = D08958E429D0547300338087 /* UsersViewController.swift */; };
		D089590229D0547300338087 /* ProductEndPointType.swift in Sources */ = {isa = PBXBuildFile; fileRef = D08958E729D0547300338087 /* ProductEndPointType.swift */; };
		D089590329D0547300338087 /* EndPointType.swift in Sources */ = {isa = PBXBuildFile; fileRef = D08958E829D0547300338087 /* EndPointType.swift */; };
		D089590429D0547300338087 /* APIManager.swift in Sources */ = {isa = PBXBuildFile; fileRef = D08958EA29D0547300338087 /* APIManager.swift */; };
		D089590529D0547300338087 /* DatabaseManager.swift in Sources */ = {isa = PBXBuildFile; fileRef = D08958EB29D0547300338087 /* DatabaseManager.swift */; };
		D089590629D0547300338087 /* LaunchScreen.storyboard in Resources */ = {isa = PBXBuildFile; fileRef = D08958ED29D0547300338087 /* LaunchScreen.storyboard */; };
		D089590729D0547300338087 /* Main.storyboard in Resources */ = {isa = PBXBuildFile; fileRef = D08958EF29D0547300338087 /* Main.storyboard */; };
		D089590829D0547300338087 /* Constants.swift in Sources */ = {isa = PBXBuildFile; fileRef = D08958F229D0547300338087 /* Constants.swift */; };
		D089590929D0547300338087 /* Assets.xcassets in Resources */ = {isa = PBXBuildFile; fileRef = D08958F429D0547300338087 /* Assets.xcassets */; };
		D089590A29D0547300338087 /* DatabaseMangerExtension.swift in Sources */ = {isa = PBXBuildFile; fileRef = D08958F629D0547300338087 /* DatabaseMangerExtension.swift */; };
		D089590B29D0547300338087 /* AppDelegate.swift in Sources */ = {isa = PBXBuildFile; fileRef = D08958F929D0547300338087 /* AppDelegate.swift */; };
		D089590C29D0547300338087 /* SceneDelegate.swift in Sources */ = {isa = PBXBuildFile; fileRef = D08958FA29D0547300338087 /* SceneDelegate.swift */; };
		D089591129D054DB00338087 /* Credentials.swift in Sources */ = {isa = PBXBuildFile; fileRef = D089591029D054DB00338087 /* Credentials.swift */; };
		D089591429D0552E00338087 /* LoginViewController.swift in Sources */ = {isa = PBXBuildFile; fileRef = D089591329D0552E00338087 /* LoginViewController.swift */; };
		D089591829D0556000338087 /* LoginViewControllerExtension.swift in Sources */ = {isa = PBXBuildFile; fileRef = D089591729D0556000338087 /* LoginViewControllerExtension.swift */; };
		D0F71BD229D09CE100C95676 /* LoginViewModel.swift in Sources */ = {isa = PBXBuildFile; fileRef = D0F71BD129D09CE100C95676 /* LoginViewModel.swift */; };
		D0F71BD429D09D4500C95676 /* Observable.swift in Sources */ = {isa = PBXBuildFile; fileRef = D0F71BD329D09D4500C95676 /* Observable.swift */; };
		D0F71BD629D0A02A00C95676 /* LoginManager.swift in Sources */ = {isa = PBXBuildFile; fileRef = D0F71BD529D0A02A00C95676 /* LoginManager.swift */; };
/* End PBXBuildFile section */

/* Begin PBXContainerItemProxy section */
		D089588A29CFD97900338087 /* PBXContainerItemProxy */ = {
			isa = PBXContainerItemProxy;
			containerPortal = D089586B29CFD97400338087 /* Project object */;
			proxyType = 1;
			remoteGlobalIDString = D089587229CFD97400338087;
			remoteInfo = "Cartek+MVVM";
		};
		D089589429CFD97900338087 /* PBXContainerItemProxy */ = {
			isa = PBXContainerItemProxy;
			containerPortal = D089586B29CFD97400338087 /* Project object */;
			proxyType = 1;
			remoteGlobalIDString = D089587229CFD97400338087;
			remoteInfo = "Cartek+MVVM";
		};
/* End PBXContainerItemProxy section */

/* Begin PBXFileReference section */
		D089587329CFD97400338087 /* Cartek+MVVM.app */ = {isa = PBXFileReference; explicitFileType = wrapper.application; includeInIndex = 0; path = "Cartek+MVVM.app"; sourceTree = BUILT_PRODUCTS_DIR; };
		D089588429CFD97900338087 /* Info.plist */ = {isa = PBXFileReference; lastKnownFileType = text.plist.xml; path = Info.plist; sourceTree = "<group>"; };
		D089588929CFD97900338087 /* Cartek+MVVMTests.xctest */ = {isa = PBXFileReference; explicitFileType = wrapper.cfbundle; includeInIndex = 0; path = "Cartek+MVVMTests.xctest"; sourceTree = BUILT_PRODUCTS_DIR; };
		D089588D29CFD97900338087 /* Cartek_MVVMTests.swift */ = {isa = PBXFileReference; lastKnownFileType = sourcecode.swift; path = Cartek_MVVMTests.swift; sourceTree = "<group>"; };
		D089589329CFD97900338087 /* Cartek+MVVMUITests.xctest */ = {isa = PBXFileReference; explicitFileType = wrapper.cfbundle; includeInIndex = 0; path = "Cartek+MVVMUITests.xctest"; sourceTree = BUILT_PRODUCTS_DIR; };
		D089589729CFD97900338087 /* Cartek_MVVMUITests.swift */ = {isa = PBXFileReference; lastKnownFileType = sourcecode.swift; path = Cartek_MVVMUITests.swift; sourceTree = "<group>"; };
		D089589929CFD97900338087 /* Cartek_MVVMUITestsLaunchTests.swift */ = {isa = PBXFileReference; lastKnownFileType = sourcecode.swift; path = Cartek_MVVMUITestsLaunchTests.swift; sourceTree = "<group>"; };
		D08958D629D0547300338087 /* RegisterViewModel.swift */ = {isa = PBXFileReference; fileEncoding = 4; lastKnownFileType = sourcecode.swift; path = RegisterViewModel.swift; sourceTree = "<group>"; };
		D08958D929D0547300338087 /* RegisterModel.swift */ = {isa = PBXFileReference; fileEncoding = 4; lastKnownFileType = sourcecode.swift; path = RegisterModel.swift; sourceTree = "<group>"; };
		D08958DC29D0547300338087 /* UsersViewModel.swift */ = {isa = PBXFileReference; fileEncoding = 4; lastKnownFileType = sourcecode.swift; path = UsersViewModel.swift; sourceTree = "<group>"; };
		D08958DE29D0547300338087 /* UsersModel.swift */ = {isa = PBXFileReference; fileEncoding = 4; lastKnownFileType = sourcecode.swift; path = UsersModel.swift; sourceTree = "<group>"; };
		D08958E129D0547300338087 /* UserTableViewCell.swift */ = {isa = PBXFileReference; fileEncoding = 4; lastKnownFileType = sourcecode.swift; path = UserTableViewCell.swift; sourceTree = "<group>"; };
		D08958E229D0547300338087 /* UserTableViewCell.xib */ = {isa = PBXFileReference; fileEncoding = 4; lastKnownFileType = file.xib; path = UserTableViewCell.xib; sourceTree = "<group>"; };
		D08958E429D0547300338087 /* UsersViewController.swift */ = {isa = PBXFileReference; fileEncoding = 4; lastKnownFileType = sourcecode.swift; path = UsersViewController.swift; sourceTree = "<group>"; };
		D08958E729D0547300338087 /* ProductEndPointType.swift */ = {isa = PBXFileReference; fileEncoding = 4; lastKnownFileType = sourcecode.swift; path = ProductEndPointType.swift; sourceTree = "<group>"; };
		D08958E829D0547300338087 /* EndPointType.swift */ = {isa = PBXFileReference; fileEncoding = 4; lastKnownFileType = sourcecode.swift; path = EndPointType.swift; sourceTree = "<group>"; };
		D08958EA29D0547300338087 /* APIManager.swift */ = {isa = PBXFileReference; fileEncoding = 4; lastKnownFileType = sourcecode.swift; path = APIManager.swift; sourceTree = "<group>"; };
		D08958EB29D0547300338087 /* DatabaseManager.swift */ = {isa = PBXFileReference; fileEncoding = 4; lastKnownFileType = sourcecode.swift; path = DatabaseManager.swift; sourceTree = "<group>"; };
		D08958EE29D0547300338087 /* Base */ = {isa = PBXFileReference; lastKnownFileType = file.storyboard; name = Base; path = Base.lproj/LaunchScreen.storyboard; sourceTree = "<group>"; };
		D08958F029D0547300338087 /* Base */ = {isa = PBXFileReference; lastKnownFileType = file.storyboard; name = Base; path = Base.lproj/Main.storyboard; sourceTree = "<group>"; };
		D08958F229D0547300338087 /* Constants.swift */ = {isa = PBXFileReference; fileEncoding = 4; lastKnownFileType = sourcecode.swift; path = Constants.swift; sourceTree = "<group>"; };
		D08958F429D0547300338087 /* Assets.xcassets */ = {isa = PBXFileReference; lastKnownFileType = folder.assetcatalog; path = Assets.xcassets; sourceTree = "<group>"; };
		D08958F629D0547300338087 /* DatabaseMangerExtension.swift */ = {isa = PBXFileReference; fileEncoding = 4; lastKnownFileType = sourcecode.swift; path = DatabaseMangerExtension.swift; sourceTree = "<group>"; };
		D08958F929D0547300338087 /* AppDelegate.swift */ = {isa = PBXFileReference; fileEncoding = 4; lastKnownFileType = sourcecode.swift; path = AppDelegate.swift; sourceTree = "<group>"; };
		D08958FA29D0547300338087 /* SceneDelegate.swift */ = {isa = PBXFileReference; fileEncoding = 4; lastKnownFileType = sourcecode.swift; path = SceneDelegate.swift; sourceTree = "<group>"; };
		D089591029D054DB00338087 /* Credentials.swift */ = {isa = PBXFileReference; lastKnownFileType = sourcecode.swift; path = Credentials.swift; sourceTree = "<group>"; };
		D089591329D0552E00338087 /* LoginViewController.swift */ = {isa = PBXFileReference; lastKnownFileType = sourcecode.swift; path = LoginViewController.swift; sourceTree = "<group>"; };
		D089591729D0556000338087 /* LoginViewControllerExtension.swift */ = {isa = PBXFileReference; lastKnownFileType = sourcecode.swift; path = LoginViewControllerExtension.swift; sourceTree = "<group>"; };
		D0F71BD129D09CE100C95676 /* LoginViewModel.swift */ = {isa = PBXFileReference; lastKnownFileType = sourcecode.swift; path = LoginViewModel.swift; sourceTree = "<group>"; };
		D0F71BD329D09D4500C95676 /* Observable.swift */ = {isa = PBXFileReference; lastKnownFileType = sourcecode.swift; path = Observable.swift; sourceTree = "<group>"; };
		D0F71BD529D0A02A00C95676 /* LoginManager.swift */ = {isa = PBXFileReference; lastKnownFileType = sourcecode.swift; path = LoginManager.swift; sourceTree = "<group>"; };
/* End PBXFileReference section */

/* Begin PBXFrameworksBuildPhase section */
		D089587029CFD97400338087 /* Frameworks */ = {
			isa = PBXFrameworksBuildPhase;
			buildActionMask = 2147483647;
			files = (
			);
			runOnlyForDeploymentPostprocessing = 0;
		};
		D089588629CFD97900338087 /* Frameworks */ = {
			isa = PBXFrameworksBuildPhase;
			buildActionMask = 2147483647;
			files = (
			);
			runOnlyForDeploymentPostprocessing = 0;
		};
		D089589029CFD97900338087 /* Frameworks */ = {
			isa = PBXFrameworksBuildPhase;
			buildActionMask = 2147483647;
			files = (
			);
			runOnlyForDeploymentPostprocessing = 0;
		};
/* End PBXFrameworksBuildPhase section */

/* Begin PBXGroup section */
		D089586A29CFD97400338087 = {
			isa = PBXGroup;
			children = (
				D089587529CFD97400338087 /* Cartek+MVVM */,
				D089588C29CFD97900338087 /* Cartek+MVVMTests */,
				D089589629CFD97900338087 /* Cartek+MVVMUITests */,
				D089587429CFD97400338087 /* Products */,
			);
			sourceTree = "<group>";
		};
		D089587429CFD97400338087 /* Products */ = {
			isa = PBXGroup;
			children = (
				D089587329CFD97400338087 /* Cartek+MVVM.app */,
				D089588929CFD97900338087 /* Cartek+MVVMTests.xctest */,
				D089589329CFD97900338087 /* Cartek+MVVMUITests.xctest */,
			);
			name = Products;
			sourceTree = "<group>";
		};
		D089587529CFD97400338087 /* Cartek+MVVM */ = {
			isa = PBXGroup;
			children = (
				D08958F829D0547300338087 /* Application */,
				D08958F729D0547300338087 /* Base.lproj */,
				D08958F129D0547300338087 /* Constants */,
				D08958F529D0547300338087 /* Extensions */,
				D08958E929D0547300338087 /* Helpers */,
				D08958F329D0547300338087 /* Resources */,
				D08958D329D0547300338087 /* Screens */,
				D08958EC29D0547300338087 /* Storyboards */,
				D08958E629D0547300338087 /* utility */,
				D089588429CFD97900338087 /* Info.plist */,
			);
			path = "Cartek+MVVM";
			sourceTree = "<group>";
		};
		D089588C29CFD97900338087 /* Cartek+MVVMTests */ = {
			isa = PBXGroup;
			children = (
				D089588D29CFD97900338087 /* Cartek_MVVMTests.swift */,
			);
			path = "Cartek+MVVMTests";
			sourceTree = "<group>";
		};
		D089589629CFD97900338087 /* Cartek+MVVMUITests */ = {
			isa = PBXGroup;
			children = (
				D089589729CFD97900338087 /* Cartek_MVVMUITests.swift */,
				D089589929CFD97900338087 /* Cartek_MVVMUITestsLaunchTests.swift */,
			);
			path = "Cartek+MVVMUITests";
			sourceTree = "<group>";
		};
		D08958D329D0547300338087 /* Screens */ = {
			isa = PBXGroup;
			children = (
				D08958D429D0547300338087 /* Signup */,
				D08958DA29D0547300338087 /* UsersDetails */,
				D08958E529D0547300338087 /* Login */,
			);
			path = Screens;
			sourceTree = "<group>";
		};
		D08958D429D0547300338087 /* Signup */ = {
			isa = PBXGroup;
			children = (
				D08958D529D0547300338087 /* RegisterViewModel */,
				D08958D729D0547300338087 /* New Group */,
				D08958D829D0547300338087 /* RegisterModel */,
			);
			path = Signup;
			sourceTree = "<group>";
		};
		D08958D529D0547300338087 /* RegisterViewModel */ = {
			isa = PBXGroup;
			children = (
				D08958D629D0547300338087 /* RegisterViewModel.swift */,
			);
			path = RegisterViewModel;
			sourceTree = "<group>";
		};
		D08958D729D0547300338087 /* New Group */ = {
			isa = PBXGroup;
			children = (
			);
			path = "New Group";
			sourceTree = "<group>";
		};
		D08958D829D0547300338087 /* RegisterModel */ = {
			isa = PBXGroup;
			children = (
				D08958D929D0547300338087 /* RegisterModel.swift */,
			);
			path = RegisterModel;
			sourceTree = "<group>";
		};
		D08958DA29D0547300338087 /* UsersDetails */ = {
			isa = PBXGroup;
			children = (
				D08958DB29D0547300338087 /* ViewModel */,
				D08958DD29D0547300338087 /* Model */,
				D08958DF29D0547300338087 /* View */,
			);
			path = UsersDetails;
			sourceTree = "<group>";
		};
		D08958DB29D0547300338087 /* ViewModel */ = {
			isa = PBXGroup;
			children = (
				D08958DC29D0547300338087 /* UsersViewModel.swift */,
			);
			path = ViewModel;
			sourceTree = "<group>";
		};
		D08958DD29D0547300338087 /* Model */ = {
			isa = PBXGroup;
			children = (
				D08958DE29D0547300338087 /* UsersModel.swift */,
			);
			path = Model;
			sourceTree = "<group>";
		};
		D08958DF29D0547300338087 /* View */ = {
			isa = PBXGroup;
			children = (
				D08958E029D0547300338087 /* Cells */,
				D08958E329D0547300338087 /* Controller */,
			);
			path = View;
			sourceTree = "<group>";
		};
		D08958E029D0547300338087 /* Cells */ = {
			isa = PBXGroup;
			children = (
				D08958E129D0547300338087 /* UserTableViewCell.swift */,
				D08958E229D0547300338087 /* UserTableViewCell.xib */,
			);
			path = Cells;
			sourceTree = "<group>";
		};
		D08958E329D0547300338087 /* Controller */ = {
			isa = PBXGroup;
			children = (
				D08958E429D0547300338087 /* UsersViewController.swift */,
			);
			path = Controller;
			sourceTree = "<group>";
		};
		D08958E529D0547300338087 /* Login */ = {
			isa = PBXGroup;
			children = (
				D089590F29D054B700338087 /* LoginViewModel */,
				D089590E29D054B400338087 /* LoginModel */,
				D089590D29D054AE00338087 /* View */,
			);
			path = Login;
			sourceTree = "<group>";
		};
		D08958E629D0547300338087 /* utility */ = {
			isa = PBXGroup;
			children = (
				D08958E729D0547300338087 /* ProductEndPointType.swift */,
				D08958E829D0547300338087 /* EndPointType.swift */,
			);
			path = utility;
			sourceTree = "<group>";
		};
		D08958E929D0547300338087 /* Helpers */ = {
			isa = PBXGroup;
			children = (
				D08958EA29D0547300338087 /* APIManager.swift */,
				D0F71BD329D09D4500C95676 /* Observable.swift */,
				D08958EB29D0547300338087 /* DatabaseManager.swift */,
				D0F71BD529D0A02A00C95676 /* LoginManager.swift */,
			);
			path = Helpers;
			sourceTree = "<group>";
		};
		D08958EC29D0547300338087 /* Storyboards */ = {
			isa = PBXGroup;
			children = (
				D08958ED29D0547300338087 /* LaunchScreen.storyboard */,
				D08958EF29D0547300338087 /* Main.storyboard */,
			);
			path = Storyboards;
			sourceTree = "<group>";
		};
		D08958F129D0547300338087 /* Constants */ = {
			isa = PBXGroup;
			children = (
				D08958F229D0547300338087 /* Constants.swift */,
			);
			path = Constants;
			sourceTree = "<group>";
		};
		D08958F329D0547300338087 /* Resources */ = {
			isa = PBXGroup;
			children = (
				D08958F429D0547300338087 /* Assets.xcassets */,
			);
			path = Resources;
			sourceTree = "<group>";
		};
		D08958F529D0547300338087 /* Extensions */ = {
			isa = PBXGroup;
			children = (
				D08958F629D0547300338087 /* DatabaseMangerExtension.swift */,
				D089591729D0556000338087 /* LoginViewControllerExtension.swift */,
			);
			path = Extensions;
			sourceTree = "<group>";
		};
		D08958F729D0547300338087 /* Base.lproj */ = {
			isa = PBXGroup;
			children = (
			);
			path = Base.lproj;
			sourceTree = "<group>";
		};
		D08958F829D0547300338087 /* Application */ = {
			isa = PBXGroup;
			children = (
				D08958F929D0547300338087 /* AppDelegate.swift */,
				D08958FA29D0547300338087 /* SceneDelegate.swift */,
			);
			path = Application;
			sourceTree = "<group>";
		};
		D089590D29D054AE00338087 /* View */ = {
			isa = PBXGroup;
			children = (
				D089591229D0550900338087 /* Controller */,
			);
			path = View;
			sourceTree = "<group>";
		};
		D089590E29D054B400338087 /* LoginModel */ = {
			isa = PBXGroup;
			children = (
				D089591029D054DB00338087 /* Credentials.swift */,
			);
			path = LoginModel;
			sourceTree = "<group>";
		};
		D089590F29D054B700338087 /* LoginViewModel */ = {
			isa = PBXGroup;
			children = (
				D0F71BD129D09CE100C95676 /* LoginViewModel.swift */,
			);
			path = LoginViewModel;
			sourceTree = "<group>";
		};
		D089591229D0550900338087 /* Controller */ = {
			isa = PBXGroup;
			children = (
				D089591329D0552E00338087 /* LoginViewController.swift */,
			);
			path = Controller;
			sourceTree = "<group>";
		};
/* End PBXGroup section */

/* Begin PBXNativeTarget section */
		D089587229CFD97400338087 /* Cartek+MVVM */ = {
			isa = PBXNativeTarget;
			buildConfigurationList = D089589D29CFD97900338087 /* Build configuration list for PBXNativeTarget "Cartek+MVVM" */;
			buildPhases = (
				D089586F29CFD97400338087 /* Sources */,
				D089587029CFD97400338087 /* Frameworks */,
				D089587129CFD97400338087 /* Resources */,
			);
			buildRules = (
			);
			dependencies = (
			);
			name = "Cartek+MVVM";
			productName = "Cartek+MVVM";
			productReference = D089587329CFD97400338087 /* Cartek+MVVM.app */;
			productType = "com.apple.product-type.application";
		};
		D089588829CFD97900338087 /* Cartek+MVVMTests */ = {
			isa = PBXNativeTarget;
			buildConfigurationList = D08958A029CFD97900338087 /* Build configuration list for PBXNativeTarget "Cartek+MVVMTests" */;
			buildPhases = (
				D089588529CFD97900338087 /* Sources */,
				D089588629CFD97900338087 /* Frameworks */,
				D089588729CFD97900338087 /* Resources */,
			);
			buildRules = (
			);
			dependencies = (
				D089588B29CFD97900338087 /* PBXTargetDependency */,
			);
			name = "Cartek+MVVMTests";
			productName = "Cartek+MVVMTests";
			productReference = D089588929CFD97900338087 /* Cartek+MVVMTests.xctest */;
			productType = "com.apple.product-type.bundle.unit-test";
		};
		D089589229CFD97900338087 /* Cartek+MVVMUITests */ = {
			isa = PBXNativeTarget;
			buildConfigurationList = D08958A329CFD97900338087 /* Build configuration list for PBXNativeTarget "Cartek+MVVMUITests" */;
			buildPhases = (
				D089588F29CFD97900338087 /* Sources */,
				D089589029CFD97900338087 /* Frameworks */,
				D089589129CFD97900338087 /* Resources */,
			);
			buildRules = (
			);
			dependencies = (
				D089589529CFD97900338087 /* PBXTargetDependency */,
			);
			name = "Cartek+MVVMUITests";
			productName = "Cartek+MVVMUITests";
			productReference = D089589329CFD97900338087 /* Cartek+MVVMUITests.xctest */;
			productType = "com.apple.product-type.bundle.ui-testing";
		};
/* End PBXNativeTarget section */

/* Begin PBXProject section */
		D089586B29CFD97400338087 /* Project object */ = {
			isa = PBXProject;
			attributes = {
				BuildIndependentTargetsInParallel = 1;
				LastSwiftUpdateCheck = 1340;
				LastUpgradeCheck = 1340;
				TargetAttributes = {
					D089587229CFD97400338087 = {
						CreatedOnToolsVersion = 13.4.1;
					};
					D089588829CFD97900338087 = {
						CreatedOnToolsVersion = 13.4.1;
						TestTargetID = D089587229CFD97400338087;
					};
					D089589229CFD97900338087 = {
						CreatedOnToolsVersion = 13.4.1;
						TestTargetID = D089587229CFD97400338087;
					};
				};
			};
			buildConfigurationList = D089586E29CFD97400338087 /* Build configuration list for PBXProject "Cartek+MVVM" */;
			compatibilityVersion = "Xcode 13.0";
			developmentRegion = en;
			hasScannedForEncodings = 0;
			knownRegions = (
				en,
				Base,
			);
			mainGroup = D089586A29CFD97400338087;
			productRefGroup = D089587429CFD97400338087 /* Products */;
			projectDirPath = "";
			projectRoot = "";
			targets = (
				D089587229CFD97400338087 /* Cartek+MVVM */,
				D089588829CFD97900338087 /* Cartek+MVVMTests */,
				D089589229CFD97900338087 /* Cartek+MVVMUITests */,
			);
		};
/* End PBXProject section */

/* Begin PBXResourcesBuildPhase section */
		D089587129CFD97400338087 /* Resources */ = {
			isa = PBXResourcesBuildPhase;
			buildActionMask = 2147483647;
			files = (
				D089590729D0547300338087 /* Main.storyboard in Resources */,
				D089590029D0547300338087 /* UserTableViewCell.xib in Resources */,
				D089590929D0547300338087 /* Assets.xcassets in Resources */,
				D089590629D0547300338087 /* LaunchScreen.storyboard in Resources */,
			);
			runOnlyForDeploymentPostprocessing = 0;
		};
		D089588729CFD97900338087 /* Resources */ = {
			isa = PBXResourcesBuildPhase;
			buildActionMask = 2147483647;
			files = (
			);
			runOnlyForDeploymentPostprocessing = 0;
		};
		D089589129CFD97900338087 /* Resources */ = {
			isa = PBXResourcesBuildPhase;
			buildActionMask = 2147483647;
			files = (
			);
			runOnlyForDeploymentPostprocessing = 0;
		};
/* End PBXResourcesBuildPhase section */

/* Begin PBXSourcesBuildPhase section */
		D089586F29CFD97400338087 /* Sources */ = {
			isa = PBXSourcesBuildPhase;
			buildActionMask = 2147483647;
			files = (
				D0F71BD429D09D4500C95676 /* Observable.swift in Sources */,
				D089590329D0547300338087 /* EndPointType.swift in Sources */,
				D089590C29D0547300338087 /* SceneDelegate.swift in Sources */,
				D089590829D0547300338087 /* Constants.swift in Sources */,
				D08958FC29D0547300338087 /* RegisterModel.swift in Sources */,
				D0F71BD629D0A02A00C95676 /* LoginManager.swift in Sources */,
				D089590529D0547300338087 /* DatabaseManager.swift in Sources */,
				D089590129D0547300338087 /* UsersViewController.swift in Sources */,
				D089590429D0547300338087 /* APIManager.swift in Sources */,
				D08958FD29D0547300338087 /* UsersViewModel.swift in Sources */,
				D0F71BD229D09CE100C95676 /* LoginViewModel.swift in Sources */,
				D089591829D0556000338087 /* LoginViewControllerExtension.swift in Sources */,
				D089590229D0547300338087 /* ProductEndPointType.swift in Sources */,
				D089590B29D0547300338087 /* AppDelegate.swift in Sources */,
				D089590A29D0547300338087 /* DatabaseMangerExtension.swift in Sources */,
				D08958FE29D0547300338087 /* UsersModel.swift in Sources */,
				D089591429D0552E00338087 /* LoginViewController.swift in Sources */,
				D089591129D054DB00338087 /* Credentials.swift in Sources */,
				D08958FB29D0547300338087 /* RegisterViewModel.swift in Sources */,
				D08958FF29D0547300338087 /* UserTableViewCell.swift in Sources */,
			);
			runOnlyForDeploymentPostprocessing = 0;
		};
		D089588529CFD97900338087 /* Sources */ = {
			isa = PBXSourcesBuildPhase;
			buildActionMask = 2147483647;
			files = (
				D089588E29CFD97900338087 /* Cartek_MVVMTests.swift in Sources */,
			);
			runOnlyForDeploymentPostprocessing = 0;
		};
		D089588F29CFD97900338087 /* Sources */ = {
			isa = PBXSourcesBuildPhase;
			buildActionMask = 2147483647;
			files = (
				D089589A29CFD97900338087 /* Cartek_MVVMUITestsLaunchTests.swift in Sources */,
				D089589829CFD97900338087 /* Cartek_MVVMUITests.swift in Sources */,
			);
			runOnlyForDeploymentPostprocessing = 0;
		};
/* End PBXSourcesBuildPhase section */

/* Begin PBXTargetDependency section */
		D089588B29CFD97900338087 /* PBXTargetDependency */ = {
			isa = PBXTargetDependency;
			target = D089587229CFD97400338087 /* Cartek+MVVM */;
			targetProxy = D089588A29CFD97900338087 /* PBXContainerItemProxy */;
		};
		D089589529CFD97900338087 /* PBXTargetDependency */ = {
			isa = PBXTargetDependency;
			target = D089587229CFD97400338087 /* Cartek+MVVM */;
			targetProxy = D089589429CFD97900338087 /* PBXContainerItemProxy */;
		};
/* End PBXTargetDependency section */

/* Begin PBXVariantGroup section */
		D08958ED29D0547300338087 /* LaunchScreen.storyboard */ = {
			isa = PBXVariantGroup;
			children = (
				D08958EE29D0547300338087 /* Base */,
			);
			name = LaunchScreen.storyboard;
			sourceTree = "<group>";
		};
		D08958EF29D0547300338087 /* Main.storyboard */ = {
			isa = PBXVariantGroup;
			children = (
				D08958F029D0547300338087 /* Base */,
			);
			name = Main.storyboard;
			sourceTree = "<group>";
		};
/* End PBXVariantGroup section */

/* Begin XCBuildConfiguration section */
		D089589B29CFD97900338087 /* Debug */ = {
			isa = XCBuildConfiguration;
			buildSettings = {
				ALWAYS_SEARCH_USER_PATHS = NO;
				CLANG_ANALYZER_NONNULL = YES;
				CLANG_ANALYZER_NUMBER_OBJECT_CONVERSION = YES_AGGRESSIVE;
				CLANG_CXX_LANGUAGE_STANDARD = "gnu++17";
				CLANG_ENABLE_MODULES = YES;
				CLANG_ENABLE_OBJC_ARC = YES;
				CLANG_ENABLE_OBJC_WEAK = YES;
				CLANG_WARN_BLOCK_CAPTURE_AUTORELEASING = YES;
				CLANG_WARN_BOOL_CONVERSION = YES;
				CLANG_WARN_COMMA = YES;
				CLANG_WARN_CONSTANT_CONVERSION = YES;
				CLANG_WARN_DEPRECATED_OBJC_IMPLEMENTATIONS = YES;
				CLANG_WARN_DIRECT_OBJC_ISA_USAGE = YES_ERROR;
				CLANG_WARN_DOCUMENTATION_COMMENTS = YES;
				CLANG_WARN_EMPTY_BODY = YES;
				CLANG_WARN_ENUM_CONVERSION = YES;
				CLANG_WARN_INFINITE_RECURSION = YES;
				CLANG_WARN_INT_CONVERSION = YES;
				CLANG_WARN_NON_LITERAL_NULL_CONVERSION = YES;
				CLANG_WARN_OBJC_IMPLICIT_RETAIN_SELF = YES;
				CLANG_WARN_OBJC_LITERAL_CONVERSION = YES;
				CLANG_WARN_OBJC_ROOT_CLASS = YES_ERROR;
				CLANG_WARN_QUOTED_INCLUDE_IN_FRAMEWORK_HEADER = YES;
				CLANG_WARN_RANGE_LOOP_ANALYSIS = YES;
				CLANG_WARN_STRICT_PROTOTYPES = YES;
				CLANG_WARN_SUSPICIOUS_MOVE = YES;
				CLANG_WARN_UNGUARDED_AVAILABILITY = YES_AGGRESSIVE;
				CLANG_WARN_UNREACHABLE_CODE = YES;
				CLANG_WARN__DUPLICATE_METHOD_MATCH = YES;
				COPY_PHASE_STRIP = NO;
				DEBUG_INFORMATION_FORMAT = dwarf;
				ENABLE_STRICT_OBJC_MSGSEND = YES;
				ENABLE_TESTABILITY = YES;
				GCC_C_LANGUAGE_STANDARD = gnu11;
				GCC_DYNAMIC_NO_PIC = NO;
				GCC_NO_COMMON_BLOCKS = YES;
				GCC_OPTIMIZATION_LEVEL = 0;
				GCC_PREPROCESSOR_DEFINITIONS = (
					"DEBUG=1",
					"$(inherited)",
				);
				GCC_WARN_64_TO_32_BIT_CONVERSION = YES;
				GCC_WARN_ABOUT_RETURN_TYPE = YES_ERROR;
				GCC_WARN_UNDECLARED_SELECTOR = YES;
				GCC_WARN_UNINITIALIZED_AUTOS = YES_AGGRESSIVE;
				GCC_WARN_UNUSED_FUNCTION = YES;
				GCC_WARN_UNUSED_VARIABLE = YES;
				IPHONEOS_DEPLOYMENT_TARGET = 15.5;
				MTL_ENABLE_DEBUG_INFO = INCLUDE_SOURCE;
				MTL_FAST_MATH = YES;
				ONLY_ACTIVE_ARCH = YES;
				SDKROOT = iphoneos;
				SWIFT_ACTIVE_COMPILATION_CONDITIONS = DEBUG;
				SWIFT_OPTIMIZATION_LEVEL = "-Onone";
			};
			name = Debug;
		};
		D089589C29CFD97900338087 /* Release */ = {
			isa = XCBuildConfiguration;
			buildSettings = {
				ALWAYS_SEARCH_USER_PATHS = NO;
				CLANG_ANALYZER_NONNULL = YES;
				CLANG_ANALYZER_NUMBER_OBJECT_CONVERSION = YES_AGGRESSIVE;
				CLANG_CXX_LANGUAGE_STANDARD = "gnu++17";
				CLANG_ENABLE_MODULES = YES;
				CLANG_ENABLE_OBJC_ARC = YES;
				CLANG_ENABLE_OBJC_WEAK = YES;
				CLANG_WARN_BLOCK_CAPTURE_AUTORELEASING = YES;
				CLANG_WARN_BOOL_CONVERSION = YES;
				CLANG_WARN_COMMA = YES;
				CLANG_WARN_CONSTANT_CONVERSION = YES;
				CLANG_WARN_DEPRECATED_OBJC_IMPLEMENTATIONS = YES;
				CLANG_WARN_DIRECT_OBJC_ISA_USAGE = YES_ERROR;
				CLANG_WARN_DOCUMENTATION_COMMENTS = YES;
				CLANG_WARN_EMPTY_BODY = YES;
				CLANG_WARN_ENUM_CONVERSION = YES;
				CLANG_WARN_INFINITE_RECURSION = YES;
				CLANG_WARN_INT_CONVERSION = YES;
				CLANG_WARN_NON_LITERAL_NULL_CONVERSION = YES;
				CLANG_WARN_OBJC_IMPLICIT_RETAIN_SELF = YES;
				CLANG_WARN_OBJC_LITERAL_CONVERSION = YES;
				CLANG_WARN_OBJC_ROOT_CLASS = YES_ERROR;
				CLANG_WARN_QUOTED_INCLUDE_IN_FRAMEWORK_HEADER = YES;
				CLANG_WARN_RANGE_LOOP_ANALYSIS = YES;
				CLANG_WARN_STRICT_PROTOTYPES = YES;
				CLANG_WARN_SUSPICIOUS_MOVE = YES;
				CLANG_WARN_UNGUARDED_AVAILABILITY = YES_AGGRESSIVE;
				CLANG_WARN_UNREACHABLE_CODE = YES;
				CLANG_WARN__DUPLICATE_METHOD_MATCH = YES;
				COPY_PHASE_STRIP = NO;
				DEBUG_INFORMATION_FORMAT = "dwarf-with-dsym";
				ENABLE_NS_ASSERTIONS = NO;
				ENABLE_STRICT_OBJC_MSGSEND = YES;
				GCC_C_LANGUAGE_STANDARD = gnu11;
				GCC_NO_COMMON_BLOCKS = YES;
				GCC_WARN_64_TO_32_BIT_CONVERSION = YES;
				GCC_WARN_ABOUT_RETURN_TYPE = YES_ERROR;
				GCC_WARN_UNDECLARED_SELECTOR = YES;
				GCC_WARN_UNINITIALIZED_AUTOS = YES_AGGRESSIVE;
				GCC_WARN_UNUSED_FUNCTION = YES;
				GCC_WARN_UNUSED_VARIABLE = YES;
				IPHONEOS_DEPLOYMENT_TARGET = 15.5;
				MTL_ENABLE_DEBUG_INFO = NO;
				MTL_FAST_MATH = YES;
				SDKROOT = iphoneos;
				SWIFT_COMPILATION_MODE = wholemodule;
				SWIFT_OPTIMIZATION_LEVEL = "-O";
				VALIDATE_PRODUCT = YES;
			};
			name = Release;
		};
		D089589E29CFD97900338087 /* Debug */ = {
			isa = XCBuildConfiguration;
			buildSettings = {
				ASSETCATALOG_COMPILER_APPICON_NAME = AppIcon;
				ASSETCATALOG_COMPILER_GLOBAL_ACCENT_COLOR_NAME = AccentColor;
				CODE_SIGN_STYLE = Automatic;
				CURRENT_PROJECT_VERSION = 1;
				GENERATE_INFOPLIST_FILE = YES;
				INFOPLIST_FILE = "Cartek+MVVM/Info.plist";
				INFOPLIST_KEY_UIApplicationSupportsIndirectInputEvents = YES;
				INFOPLIST_KEY_UILaunchStoryboardName = LaunchScreen;
				INFOPLIST_KEY_UIMainStoryboardFile = Main;
				INFOPLIST_KEY_UISupportedInterfaceOrientations_iPad = "UIInterfaceOrientationPortrait UIInterfaceOrientationPortraitUpsideDown UIInterfaceOrientationLandscapeLeft UIInterfaceOrientationLandscapeRight";
				INFOPLIST_KEY_UISupportedInterfaceOrientations_iPhone = "UIInterfaceOrientationPortrait UIInterfaceOrientationLandscapeLeft UIInterfaceOrientationLandscapeRight";
				LD_RUNPATH_SEARCH_PATHS = (
					"$(inherited)",
					"@executable_path/Frameworks",
				);
				MARKETING_VERSION = 1.0;
				PRODUCT_BUNDLE_IDENTIFIER = "com.app.Cartek-MVVM";
				PRODUCT_NAME = "$(TARGET_NAME)";
				SWIFT_EMIT_LOC_STRINGS = YES;
				SWIFT_VERSION = 5.0;
				TARGETED_DEVICE_FAMILY = "1,2";
			};
			name = Debug;
		};
		D089589F29CFD97900338087 /* Release */ = {
			isa = XCBuildConfiguration;
			buildSettings = {
				ASSETCATALOG_COMPILER_APPICON_NAME = AppIcon;
				ASSETCATALOG_COMPILER_GLOBAL_ACCENT_COLOR_NAME = AccentColor;
				CODE_SIGN_STYLE = Automatic;
				CURRENT_PROJECT_VERSION = 1;
				GENERATE_INFOPLIST_FILE = YES;
				INFOPLIST_FILE = "Cartek+MVVM/Info.plist";
				INFOPLIST_KEY_UIApplicationSupportsIndirectInputEvents = YES;
				INFOPLIST_KEY_UILaunchStoryboardName = LaunchScreen;
				INFOPLIST_KEY_UIMainStoryboardFile = Main;
				INFOPLIST_KEY_UISupportedInterfaceOrientations_iPad = "UIInterfaceOrientationPortrait UIInterfaceOrientationPortraitUpsideDown UIInterfaceOrientationLandscapeLeft UIInterfaceOrientationLandscapeRight";
				INFOPLIST_KEY_UISupportedInterfaceOrientations_iPhone = "UIInterfaceOrientationPortrait UIInterfaceOrientationLandscapeLeft UIInterfaceOrientationLandscapeRight";
				LD_RUNPATH_SEARCH_PATHS = (
					"$(inherited)",
					"@executable_path/Frameworks",
				);
				MARKETING_VERSION = 1.0;
				PRODUCT_BUNDLE_IDENTIFIER = "com.app.Cartek-MVVM";
				PRODUCT_NAME = "$(TARGET_NAME)";
				SWIFT_EMIT_LOC_STRINGS = YES;
				SWIFT_VERSION = 5.0;
				TARGETED_DEVICE_FAMILY = "1,2";
			};
			name = Release;
		};
		D08958A129CFD97900338087 /* Debug */ = {
			isa = XCBuildConfiguration;
			buildSettings = {
				ALWAYS_EMBED_SWIFT_STANDARD_LIBRARIES = YES;
				BUNDLE_LOADER = "$(TEST_HOST)";
				CODE_SIGN_STYLE = Automatic;
				CURRENT_PROJECT_VERSION = 1;
				GENERATE_INFOPLIST_FILE = YES;
				IPHONEOS_DEPLOYMENT_TARGET = 15.5;
				MARKETING_VERSION = 1.0;
				PRODUCT_BUNDLE_IDENTIFIER = "com.app.Cartek-MVVMTests";
				PRODUCT_NAME = "$(TARGET_NAME)";
				SWIFT_EMIT_LOC_STRINGS = NO;
				SWIFT_VERSION = 5.0;
				TARGETED_DEVICE_FAMILY = "1,2";
				TEST_HOST = "$(BUILT_PRODUCTS_DIR)/Cartek+MVVM.app/Cartek+MVVM";
			};
			name = Debug;
		};
		D08958A229CFD97900338087 /* Release */ = {
			isa = XCBuildConfiguration;
			buildSettings = {
				ALWAYS_EMBED_SWIFT_STANDARD_LIBRARIES = YES;
				BUNDLE_LOADER = "$(TEST_HOST)";
				CODE_SIGN_STYLE = Automatic;
				CURRENT_PROJECT_VERSION = 1;
				GENERATE_INFOPLIST_FILE = YES;
				IPHONEOS_DEPLOYMENT_TARGET = 15.5;
				MARKETING_VERSION = 1.0;
				PRODUCT_BUNDLE_IDENTIFIER = "com.app.Cartek-MVVMTests";
				PRODUCT_NAME = "$(TARGET_NAME)";
				SWIFT_EMIT_LOC_STRINGS = NO;
				SWIFT_VERSION = 5.0;
				TARGETED_DEVICE_FAMILY = "1,2";
				TEST_HOST = "$(BUILT_PRODUCTS_DIR)/Cartek+MVVM.app/Cartek+MVVM";
			};
			name = Release;
		};
		D08958A429CFD97900338087 /* Debug */ = {
			isa = XCBuildConfiguration;
			buildSettings = {
				ALWAYS_EMBED_SWIFT_STANDARD_LIBRARIES = YES;
				CODE_SIGN_STYLE = Automatic;
				CURRENT_PROJECT_VERSION = 1;
				GENERATE_INFOPLIST_FILE = YES;
				MARKETING_VERSION = 1.0;
				PRODUCT_BUNDLE_IDENTIFIER = "com.app.Cartek-MVVMUITests";
				PRODUCT_NAME = "$(TARGET_NAME)";
				SWIFT_EMIT_LOC_STRINGS = NO;
				SWIFT_VERSION = 5.0;
				TARGETED_DEVICE_FAMILY = "1,2";
				TEST_TARGET_NAME = "Cartek+MVVM";
			};
			name = Debug;
		};
		D08958A529CFD97900338087 /* Release */ = {
			isa = XCBuildConfiguration;
			buildSettings = {
				ALWAYS_EMBED_SWIFT_STANDARD_LIBRARIES = YES;
				CODE_SIGN_STYLE = Automatic;
				CURRENT_PROJECT_VERSION = 1;
				GENERATE_INFOPLIST_FILE = YES;
				MARKETING_VERSION = 1.0;
				PRODUCT_BUNDLE_IDENTIFIER = "com.app.Cartek-MVVMUITests";
				PRODUCT_NAME = "$(TARGET_NAME)";
				SWIFT_EMIT_LOC_STRINGS = NO;
				SWIFT_VERSION = 5.0;
				TARGETED_DEVICE_FAMILY = "1,2";
				TEST_TARGET_NAME = "Cartek+MVVM";
			};
			name = Release;
		};
/* End XCBuildConfiguration section */

/* Begin XCConfigurationList section */
		D089586E29CFD97400338087 /* Build configuration list for PBXProject "Cartek+MVVM" */ = {
			isa = XCConfigurationList;
			buildConfigurations = (
				D089589B29CFD97900338087 /* Debug */,
				D089589C29CFD97900338087 /* Release */,
			);
			defaultConfigurationIsVisible = 0;
			defaultConfigurationName = Release;
		};
		D089589D29CFD97900338087 /* Build configuration list for PBXNativeTarget "Cartek+MVVM" */ = {
			isa = XCConfigurationList;
			buildConfigurations = (
				D089589E29CFD97900338087 /* Debug */,
				D089589F29CFD97900338087 /* Release */,
			);
			defaultConfigurationIsVisible = 0;
			defaultConfigurationName = Release;
		};
		D08958A029CFD97900338087 /* Build configuration list for PBXNativeTarget "Cartek+MVVMTests" */ = {
			isa = XCConfigurationList;
			buildConfigurations = (
				D08958A129CFD97900338087 /* Debug */,
				D08958A229CFD97900338087 /* Release */,
			);
			defaultConfigurationIsVisible = 0;
			defaultConfigurationName = Release;
		};
		D08958A329CFD97900338087 /* Build configuration list for PBXNativeTarget "Cartek+MVVMUITests" */ = {
			isa = XCConfigurationList;
			buildConfigurations = (
				D08958A429CFD97900338087 /* Debug */,
				D08958A529CFD97900338087 /* Release */,
			);
			defaultConfigurationIsVisible = 0;
			defaultConfigurationName = Release;
		};
/* End XCConfigurationList section */
	};
	rootObject = D089586B29CFD97400338087 /* Project object */;
}
